
Microsoft Visual Studio Solution File, Format Version 12.00
# Visual Studio 2013
VisualStudioVersion = 12.0.31101.0
MinimumVisualStudioVersion = 10.0.40219.1
Project("{FAE04EC0-301F-11D3-BF4B-00C04F79EFBC}") = "GorAcquire", "GorAcquire\GorAcquire.csproj", "{BA0F43D2-8A57-41A4-94CB-018EA2FB5D9E}"
EndProject
Project("{FAE04EC0-301F-11D3-BF4B-00C04F79EFBC}") = "GorCommon", "GorCommon\GorCommon.csproj", "{66390CA5-BE04-4F8B-A3A0-916E905C99C4}"
EndProject
Project("{FAE04EC0-301F-11D3-BF4B-00C04F79EFBC}") = "GorDevices", "GorDevices\GorDevices.csproj", "{F61369CF-5CCA-4ADF-8771-67F003485464}"
EndProject
Project("{E24C65DC-7377-472B-9ABA-BC803B73C61A}") = "WebApp(1)", "http://localhost:6149", "{82A813AC-03BE-40BD-BB92-1BFC3D4A028A}"
	ProjectSection(WebsiteProperties) = preProject
		UseIISExpress = "true"
		TargetFrameworkMoniker = ".NETFramework,Version%3Dv4.0"
		ProjectReferences = "{f61369cf-5cca-4adf-8771-67f003485464}|GorDevices.dll;{66390CA5-BE04-4F8B-A3A0-916E905C99C4}|GorCommon.dll;"
		Debug.AspNetCompiler.VirtualPath = "/localhost_6149"
		Debug.AspNetCompiler.PhysicalPath = "WebApp\"
		Debug.AspNetCompiler.TargetPath = "PrecompiledWeb\localhost_6149\"
		Debug.AspNetCompiler.Updateable = "true"
		Debug.AspNetCompiler.ForceOverwrite = "true"
		Debug.AspNetCompiler.FixedNames = "false"
		Debug.AspNetCompiler.Debug = "True"
		Release.AspNetCompiler.VirtualPath = "/localhost_6149"
		Release.AspNetCompiler.PhysicalPath = "WebApp\"
		Release.AspNetCompiler.TargetPath = "PrecompiledWeb\localhost_6149\"
		Release.AspNetCompiler.Updateable = "true"
		Release.AspNetCompiler.ForceOverwrite = "true"
		Release.AspNetCompiler.FixedNames = "false"
		Release.AspNetCompiler.Debug = "False"
		SlnRelativePath = "WebApp\"
	EndProjectSection
EndProject
Project("{2150E333-8FDC-42A3-9474-1A3956D46DE8}") = "Tests", "Tests", "{8E5D10F7-4EE9-40C7-BFA4-E90D50372223}"
EndProject
Project("{FAE04EC0-301F-11D3-BF4B-00C04F79EFBC}") = "Test.Gpio.DigitalInput", "Tests\Test.Gpio.DigitalInput\Test.Gpio.DigitalInput.csproj", "{C8A586D2-6FBD-41CB-924C-D05F39962ADE}"
EndProject
Project("{2150E333-8FDC-42A3-9474-1A3956D46DE8}") = "Calibration", "Calibration", "{D7D8F9C2-D6FF-4D5D-B4ED-FC026DE99714}"
EndProject
Project("{FAE04EC0-301F-11D3-BF4B-00C04F79EFBC}") = "XXX_Calibration", "XXX_Calibration\XXX_Calibration.csproj", "{79AF8D31-764B-4BDE-B971-0D264B37196C}"
EndProject
Global
	GlobalSection(SolutionConfigurationPlatforms) = preSolution
		Debug|Any CPU = Debug|Any CPU
		Release|Any CPU = Release|Any CPU
	EndGlobalSection
	GlobalSection(ProjectConfigurationPlatforms) = postSolution
		{BA0F43D2-8A57-41A4-94CB-018EA2FB5D9E}.Debug|Any CPU.ActiveCfg = Debug|Any CPU
		{BA0F43D2-8A57-41A4-94CB-018EA2FB5D9E}.Debug|Any CPU.Build.0 = Debug|Any CPU
		{BA0F43D2-8A57-41A4-94CB-018EA2FB5D9E}.Release|Any CPU.ActiveCfg = Release|Any CPU
		{BA0F43D2-8A57-41A4-94CB-018EA2FB5D9E}.Release|Any CPU.Build.0 = Release|Any CPU
		{66390CA5-BE04-4F8B-A3A0-916E905C99C4}.Debug|Any CPU.ActiveCfg = Debug|Any CPU
		{66390CA5-BE04-4F8B-A3A0-916E905C99C4}.Debug|Any CPU.Build.0 = Debug|Any CPU
		{66390CA5-BE04-4F8B-A3A0-916E905C99C4}.Release|Any CPU.ActiveCfg = Release|Any CPU
		{66390CA5-BE04-4F8B-A3A0-916E905C99C4}.Release|Any CPU.Build.0 = Release|Any CPU
		{F61369CF-5CCA-4ADF-8771-67F003485464}.Debug|Any CPU.ActiveCfg = Debug|Any CPU
		{F61369CF-5CCA-4ADF-8771-67F003485464}.Debug|Any CPU.Build.0 = Debug|Any CPU
		{F61369CF-5CCA-4ADF-8771-67F003485464}.Release|Any CPU.ActiveCfg = Release|Any CPU
		{F61369CF-5CCA-4ADF-8771-67F003485464}.Release|Any CPU.Build.0 = Release|Any CPU
		{82A813AC-03BE-40BD-BB92-1BFC3D4A028A}.Debug|Any CPU.ActiveCfg = Debug|Any CPU
		{82A813AC-03BE-40BD-BB92-1BFC3D4A028A}.Debug|Any CPU.Build.0 = Debug|Any CPU
		{82A813AC-03BE-40BD-BB92-1BFC3D4A028A}.Release|Any CPU.ActiveCfg = Debug|Any CPU
		{82A813AC-03BE-40BD-BB92-1BFC3D4A028A}.Release|Any CPU.Build.0 = Debug|Any CPU
		{C8A586D2-6FBD-41CB-924C-D05F39962ADE}.Debug|Any CPU.ActiveCfg = Debug|Any CPU
		{C8A586D2-6FBD-41CB-924C-D05F39962ADE}.Debug|Any CPU.Build.0 = Debug|Any CPU
		{C8A586D2-6FBD-41CB-924C-D05F39962ADE}.Release|Any CPU.ActiveCfg = Release|Any CPU
		{C8A586D2-6FBD-41CB-924C-D05F39962ADE}.Release|Any CPU.Build.0 = Release|Any CPU
		{79AF8D31-764B-4BDE-B971-0D264B37196C}.Debug|Any CPU.ActiveCfg = Debug|Any CPU
		{79AF8D31-764B-4BDE-B971-0D264B37196C}.Debug|Any CPU.Build.0 = Debug|Any CPU
		{79AF8D31-764B-4BDE-B971-0D264B37196C}.Release|Any CPU.ActiveCfg = Release|Any CPU
		{79AF8D31-764B-4BDE-B971-0D264B37196C}.Release|Any CPU.Build.0 = Release|Any CPU
	EndGlobalSection
	GlobalSection(SolutionProperties) = preSolution
		HideSolutionNode = FALSE
	EndGlobalSection
	GlobalSection(NestedProjects) = preSolution
		{C8A586D2-6FBD-41CB-924C-D05F39962ADE} = {8E5D10F7-4EE9-40C7-BFA4-E90D50372223}
		{79AF8D31-764B-4BDE-B971-0D264B37196C} = {D7D8F9C2-D6FF-4D5D-B4ED-FC026DE99714}
	EndGlobalSection
EndGlobal
