
Microsoft Visual Studio Solution File, Format Version 12.00
# Visual Studio 14
VisualStudioVersion = 14.0.25420.1
MinimumVisualStudioVersion = 10.0.40219.1
Project("{FAE04EC0-301F-11D3-BF4B-00C04F79EFBC}") = "GorAcquire", "GorAcquire\GorAcquire.csproj", "{BA0F43D2-8A57-41A4-94CB-018EA2FB5D9E}"
EndProject
Project("{FAE04EC0-301F-11D3-BF4B-00C04F79EFBC}") = "GorCommon", "GorCommon\GorCommon.csproj", "{66390CA5-BE04-4F8B-A3A0-916E905C99C4}"
EndProject
Project("{FAE04EC0-301F-11D3-BF4B-00C04F79EFBC}") = "GorDevices", "GorDevices\GorDevices.csproj", "{F61369CF-5CCA-4ADF-8771-67F003485464}"
EndProject
Project("{E24C65DC-7377-472B-9ABA-BC803B73C61A}") = "WebApp(1)", "http://localhost:6149", "{82A813AC-03BE-40BD-BB92-1BFC3D4A028A}"
	ProjectSection(WebsiteProperties) = preProject
		UseIISExpress = "true"
		TargetFrameworkMoniker = ".NETFramework,Version%3Dv4.0"
		ProjectReferences = "{f61369cf-5cca-4adf-8771-67f003485464}|GorDevices.dll;{66390CA5-BE04-4F8B-A3A0-916E905C99C4}|GorCommon.dll;"
		Debug.AspNetCompiler.VirtualPath = "/localhost_6149"
		Debug.AspNetCompiler.PhysicalPath = "WebApp\"
		Debug.AspNetCompiler.TargetPath = "PrecompiledWeb\localhost_6149\"
		Debug.AspNetCompiler.Updateable = "true"
		Debug.AspNetCompiler.ForceOverwrite = "true"
		Debug.AspNetCompiler.FixedNames = "false"
		Debug.AspNetCompiler.Debug = "True"
		Release.AspNetCompiler.VirtualPath = "/localhost_6149"
		Release.AspNetCompiler.PhysicalPath = "WebApp\"
		Release.AspNetCompiler.TargetPath = "PrecompiledWeb\localhost_6149\"
		Release.AspNetCompiler.Updateable = "true"
		Release.AspNetCompiler.ForceOverwrite = "true"
		Release.AspNetCompiler.FixedNames = "false"
		Release.AspNetCompiler.Debug = "False"
		SlnRelativePath = "WebApp\"
	EndProjectSection
EndProject
Project("{2150E333-8FDC-42A3-9474-1A3956D46DE8}") = "Test_Librerie", "Test_Librerie", "{8E5D10F7-4EE9-40C7-BFA4-E90D50372223}"
EndProject
Project("{FAE04EC0-301F-11D3-BF4B-00C04F79EFBC}") = "Test.Gpio.Chaser", "Tests\Test_librerie\Test.Gpio.Chaser\Test.Gpio.Chaser.csproj", "{5D9D1834-4C4B-4E03-B635-5F205205B6F8}"
EndProject
Project("{FAE04EC0-301F-11D3-BF4B-00C04F79EFBC}") = "Test.Gpio.DigitalInput", "Tests\Test_librerie\Test.Gpio.DigitalInput\Test.Gpio.DigitalInput.csproj", "{C8A586D2-6FBD-41CB-924C-D05F39962ADE}"
EndProject
Project("{FAE04EC0-301F-11D3-BF4B-00C04F79EFBC}") = "Test.Gpio.WatchPin", "Tests\Test_librerie\Test.Gpio.WatchPin\Test.Gpio.WatchPin.csproj", "{60B59A9C-69F6-4CEA-8385-C8542AE2BB98}"
EndProject
Project("{FAE04EC0-301F-11D3-BF4B-00C04F79EFBC}") = "Test.Spi.MCP3208", "Tests\Test_librerie\Test.Spi.MCP3208\Test.Spi.MCP3208.csproj", "{D4B87926-598E-4EAB-BA75-CD9FB253D450}"
EndProject
Project("{FAE04EC0-301F-11D3-BF4B-00C04F79EFBC}") = "Test.Gpio.Dht22", "Tests\Test_librerie\gamon.Test.Gpio.DHT22\Test.Gpio.Dht22.csproj", "{7D5EB011-2EC3-4679-BDE1-BE6ABF810480}"
EndProject
Project("{FAE04EC0-301F-11D3-BF4B-00C04F79EFBC}") = "Test.W1.Ds18b20", "Tests\Test_librerie\Test.w1.Ds18B20\Test.W1.Ds18b20.csproj", "{7C2F3A4F-9A1E-4ED4-8044-EA5C75A5BFE6}"
EndProject
Global
	GlobalSection(SolutionConfigurationPlatforms) = preSolution
		Debug|Any CPU = Debug|Any CPU
		Debug|x86 = Debug|x86
		Release|Any CPU = Release|Any CPU
		Release|x86 = Release|x86
	EndGlobalSection
	GlobalSection(ProjectConfigurationPlatforms) = postSolution
		{BA0F43D2-8A57-41A4-94CB-018EA2FB5D9E}.Debug|Any CPU.ActiveCfg = Debug|Any CPU
		{BA0F43D2-8A57-41A4-94CB-018EA2FB5D9E}.Debug|Any CPU.Build.0 = Debug|Any CPU
		{BA0F43D2-8A57-41A4-94CB-018EA2FB5D9E}.Debug|x86.ActiveCfg = Debug|Any CPU
		{BA0F43D2-8A57-41A4-94CB-018EA2FB5D9E}.Debug|x86.Build.0 = Debug|Any CPU
		{BA0F43D2-8A57-41A4-94CB-018EA2FB5D9E}.Release|Any CPU.ActiveCfg = Release|Any CPU
		{BA0F43D2-8A57-41A4-94CB-018EA2FB5D9E}.Release|Any CPU.Build.0 = Release|Any CPU
		{BA0F43D2-8A57-41A4-94CB-018EA2FB5D9E}.Release|x86.ActiveCfg = Release|Any CPU
		{BA0F43D2-8A57-41A4-94CB-018EA2FB5D9E}.Release|x86.Build.0 = Release|Any CPU
		{66390CA5-BE04-4F8B-A3A0-916E905C99C4}.Debug|Any CPU.ActiveCfg = Debug|Any CPU
		{66390CA5-BE04-4F8B-A3A0-916E905C99C4}.Debug|Any CPU.Build.0 = Debug|Any CPU
		{66390CA5-BE04-4F8B-A3A0-916E905C99C4}.Debug|x86.ActiveCfg = Debug|Any CPU
		{66390CA5-BE04-4F8B-A3A0-916E905C99C4}.Debug|x86.Build.0 = Debug|Any CPU
		{66390CA5-BE04-4F8B-A3A0-916E905C99C4}.Release|Any CPU.ActiveCfg = Release|Any CPU
		{66390CA5-BE04-4F8B-A3A0-916E905C99C4}.Release|Any CPU.Build.0 = Release|Any CPU
		{66390CA5-BE04-4F8B-A3A0-916E905C99C4}.Release|x86.ActiveCfg = Release|Any CPU
		{66390CA5-BE04-4F8B-A3A0-916E905C99C4}.Release|x86.Build.0 = Release|Any CPU
		{F61369CF-5CCA-4ADF-8771-67F003485464}.Debug|Any CPU.ActiveCfg = Debug|Any CPU
		{F61369CF-5CCA-4ADF-8771-67F003485464}.Debug|Any CPU.Build.0 = Debug|Any CPU
		{F61369CF-5CCA-4ADF-8771-67F003485464}.Debug|x86.ActiveCfg = Debug|Any CPU
		{F61369CF-5CCA-4ADF-8771-67F003485464}.Debug|x86.Build.0 = Debug|Any CPU
		{F61369CF-5CCA-4ADF-8771-67F003485464}.Release|Any CPU.ActiveCfg = Release|Any CPU
		{F61369CF-5CCA-4ADF-8771-67F003485464}.Release|Any CPU.Build.0 = Release|Any CPU
		{F61369CF-5CCA-4ADF-8771-67F003485464}.Release|x86.ActiveCfg = Release|Any CPU
		{F61369CF-5CCA-4ADF-8771-67F003485464}.Release|x86.Build.0 = Release|Any CPU
		{82A813AC-03BE-40BD-BB92-1BFC3D4A028A}.Debug|Any CPU.ActiveCfg = Debug|Any CPU
		{82A813AC-03BE-40BD-BB92-1BFC3D4A028A}.Debug|Any CPU.Build.0 = Debug|Any CPU
		{82A813AC-03BE-40BD-BB92-1BFC3D4A028A}.Debug|x86.ActiveCfg = Debug|Any CPU
		{82A813AC-03BE-40BD-BB92-1BFC3D4A028A}.Debug|x86.Build.0 = Debug|Any CPU
		{82A813AC-03BE-40BD-BB92-1BFC3D4A028A}.Release|Any CPU.ActiveCfg = Debug|Any CPU
		{82A813AC-03BE-40BD-BB92-1BFC3D4A028A}.Release|Any CPU.Build.0 = Debug|Any CPU
		{82A813AC-03BE-40BD-BB92-1BFC3D4A028A}.Release|x86.ActiveCfg = Debug|Any CPU
		{82A813AC-03BE-40BD-BB92-1BFC3D4A028A}.Release|x86.Build.0 = Debug|Any CPU
		{5D9D1834-4C4B-4E03-B635-5F205205B6F8}.Debug|Any CPU.ActiveCfg = Debug|Any CPU
		{5D9D1834-4C4B-4E03-B635-5F205205B6F8}.Debug|Any CPU.Build.0 = Debug|Any CPU
		{5D9D1834-4C4B-4E03-B635-5F205205B6F8}.Debug|x86.ActiveCfg = Debug|x86
		{5D9D1834-4C4B-4E03-B635-5F205205B6F8}.Debug|x86.Build.0 = Debug|x86
		{5D9D1834-4C4B-4E03-B635-5F205205B6F8}.Release|Any CPU.ActiveCfg = Release|Any CPU
		{5D9D1834-4C4B-4E03-B635-5F205205B6F8}.Release|Any CPU.Build.0 = Release|Any CPU
		{5D9D1834-4C4B-4E03-B635-5F205205B6F8}.Release|x86.ActiveCfg = Release|x86
		{5D9D1834-4C4B-4E03-B635-5F205205B6F8}.Release|x86.Build.0 = Release|x86
		{C8A586D2-6FBD-41CB-924C-D05F39962ADE}.Debug|Any CPU.ActiveCfg = Debug|Any CPU
		{C8A586D2-6FBD-41CB-924C-D05F39962ADE}.Debug|Any CPU.Build.0 = Debug|Any CPU
		{C8A586D2-6FBD-41CB-924C-D05F39962ADE}.Debug|x86.ActiveCfg = Debug|Any CPU
		{C8A586D2-6FBD-41CB-924C-D05F39962ADE}.Debug|x86.Build.0 = Debug|Any CPU
		{C8A586D2-6FBD-41CB-924C-D05F39962ADE}.Release|Any CPU.ActiveCfg = Release|Any CPU
		{C8A586D2-6FBD-41CB-924C-D05F39962ADE}.Release|Any CPU.Build.0 = Release|Any CPU
		{C8A586D2-6FBD-41CB-924C-D05F39962ADE}.Release|x86.ActiveCfg = Release|Any CPU
		{C8A586D2-6FBD-41CB-924C-D05F39962ADE}.Release|x86.Build.0 = Release|Any CPU
		{60B59A9C-69F6-4CEA-8385-C8542AE2BB98}.Debug|Any CPU.ActiveCfg = Debug|Any CPU
		{60B59A9C-69F6-4CEA-8385-C8542AE2BB98}.Debug|Any CPU.Build.0 = Debug|Any CPU
		{60B59A9C-69F6-4CEA-8385-C8542AE2BB98}.Debug|x86.ActiveCfg = Debug|Any CPU
		{60B59A9C-69F6-4CEA-8385-C8542AE2BB98}.Debug|x86.Build.0 = Debug|Any CPU
		{60B59A9C-69F6-4CEA-8385-C8542AE2BB98}.Release|Any CPU.ActiveCfg = Release|Any CPU
		{60B59A9C-69F6-4CEA-8385-C8542AE2BB98}.Release|Any CPU.Build.0 = Release|Any CPU
		{60B59A9C-69F6-4CEA-8385-C8542AE2BB98}.Release|x86.ActiveCfg = Release|Any CPU
		{60B59A9C-69F6-4CEA-8385-C8542AE2BB98}.Release|x86.Build.0 = Release|Any CPU
		{D4B87926-598E-4EAB-BA75-CD9FB253D450}.Debug|Any CPU.ActiveCfg = Debug|Any CPU
		{D4B87926-598E-4EAB-BA75-CD9FB253D450}.Debug|Any CPU.Build.0 = Debug|Any CPU
		{D4B87926-598E-4EAB-BA75-CD9FB253D450}.Debug|x86.ActiveCfg = Debug|Any CPU
		{D4B87926-598E-4EAB-BA75-CD9FB253D450}.Debug|x86.Build.0 = Debug|Any CPU
		{D4B87926-598E-4EAB-BA75-CD9FB253D450}.Release|Any CPU.ActiveCfg = Release|Any CPU
		{D4B87926-598E-4EAB-BA75-CD9FB253D450}.Release|Any CPU.Build.0 = Release|Any CPU
		{D4B87926-598E-4EAB-BA75-CD9FB253D450}.Release|x86.ActiveCfg = Release|Any CPU
		{D4B87926-598E-4EAB-BA75-CD9FB253D450}.Release|x86.Build.0 = Release|Any CPU
		{7D5EB011-2EC3-4679-BDE1-BE6ABF810480}.Debug|Any CPU.ActiveCfg = Debug|Any CPU
		{7D5EB011-2EC3-4679-BDE1-BE6ABF810480}.Debug|Any CPU.Build.0 = Debug|Any CPU
		{7D5EB011-2EC3-4679-BDE1-BE6ABF810480}.Debug|x86.ActiveCfg = Debug|Any CPU
		{7D5EB011-2EC3-4679-BDE1-BE6ABF810480}.Debug|x86.Build.0 = Debug|Any CPU
		{7D5EB011-2EC3-4679-BDE1-BE6ABF810480}.Release|Any CPU.ActiveCfg = Release|Any CPU
		{7D5EB011-2EC3-4679-BDE1-BE6ABF810480}.Release|Any CPU.Build.0 = Release|Any CPU
		{7D5EB011-2EC3-4679-BDE1-BE6ABF810480}.Release|x86.ActiveCfg = Release|Any CPU
		{7D5EB011-2EC3-4679-BDE1-BE6ABF810480}.Release|x86.Build.0 = Release|Any CPU
		{7C2F3A4F-9A1E-4ED4-8044-EA5C75A5BFE6}.Debug|Any CPU.ActiveCfg = Debug|Any CPU
		{7C2F3A4F-9A1E-4ED4-8044-EA5C75A5BFE6}.Debug|Any CPU.Build.0 = Debug|Any CPU
		{7C2F3A4F-9A1E-4ED4-8044-EA5C75A5BFE6}.Debug|x86.ActiveCfg = Debug|Any CPU
		{7C2F3A4F-9A1E-4ED4-8044-EA5C75A5BFE6}.Debug|x86.Build.0 = Debug|Any CPU
		{7C2F3A4F-9A1E-4ED4-8044-EA5C75A5BFE6}.Release|Any CPU.ActiveCfg = Release|Any CPU
		{7C2F3A4F-9A1E-4ED4-8044-EA5C75A5BFE6}.Release|Any CPU.Build.0 = Release|Any CPU
		{7C2F3A4F-9A1E-4ED4-8044-EA5C75A5BFE6}.Release|x86.ActiveCfg = Release|Any CPU
		{7C2F3A4F-9A1E-4ED4-8044-EA5C75A5BFE6}.Release|x86.Build.0 = Release|Any CPU
	EndGlobalSection
	GlobalSection(SolutionProperties) = preSolution
		HideSolutionNode = FALSE
	EndGlobalSection
	GlobalSection(NestedProjects) = preSolution
		{5D9D1834-4C4B-4E03-B635-5F205205B6F8} = {8E5D10F7-4EE9-40C7-BFA4-E90D50372223}
		{C8A586D2-6FBD-41CB-924C-D05F39962ADE} = {8E5D10F7-4EE9-40C7-BFA4-E90D50372223}
		{60B59A9C-69F6-4CEA-8385-C8542AE2BB98} = {8E5D10F7-4EE9-40C7-BFA4-E90D50372223}
		{D4B87926-598E-4EAB-BA75-CD9FB253D450} = {8E5D10F7-4EE9-40C7-BFA4-E90D50372223}
		{7D5EB011-2EC3-4679-BDE1-BE6ABF810480} = {8E5D10F7-4EE9-40C7-BFA4-E90D50372223}
		{7C2F3A4F-9A1E-4ED4-8044-EA5C75A5BFE6} = {8E5D10F7-4EE9-40C7-BFA4-E90D50372223}
	EndGlobalSection
EndGlobal
